
Microsoft Visual Studio Solution File, Format Version 12.00
# Visual Studio Version 17
VisualStudioVersion = 17.6.33815.320
MinimumVisualStudioVersion = 10.0.40219.1
Project("{2150E333-8FDC-42A3-9474-1A3956D46DE8}") = "Solution Items", "Solution Items", "{BFB735CE-81F2-4158-A18A-A292B71FAE7D}"
	ProjectSection(SolutionItems) = preProject
		TUCamAPI.cs = TUCamAPI.cs
	EndProjectSection
EndProject
Project("{FAE04EC0-301F-11D3-BF4B-00C04F79EFBC}") = "C.NET00_init_open", "C.NET00_init_open\C.NET00_init_open.csproj", "{3E02EED7-31FB-4B2B-89F4-0240BD96F09C}"
EndProject
Project("{FAE04EC0-301F-11D3-BF4B-00C04F79EFBC}") = "C.NET01_get_info", "C.NET01_get_info\C.NET01_get_info.csproj", "{70ED79D2-C1D1-433B-B4BD-B47F861CC035}"
EndProject
Project("{FAE04EC0-301F-11D3-BF4B-00C04F79EFBC}") = "C.NET02_get_infoex", "C.NET02_get_infoex\C.NET02_get_infoex.csproj", "{0C65CB19-F1F9-4E7E-9F49-37638276CF4C}"
EndProject
Project("{FAE04EC0-301F-11D3-BF4B-00C04F79EFBC}") = "C.NET03_capa_list", "C.NET03_capa_list\C.NET03_capa_list.csproj", "{C84790CB-CEE1-4709-86BA-E3EE1B47CB86}"
EndProject
Project("{FAE04EC0-301F-11D3-BF4B-00C04F79EFBC}") = "C.NET04_prop_list", "C.NET04_prop_list\C.NET04_prop_list.csproj", "{6637DF9C-05A8-467E-BB63-1193AEA82251}"
EndProject
Project("{FAE04EC0-301F-11D3-BF4B-00C04F79EFBC}") = "C.NET05_wait_frame", "C.NET05_wait_frame\C.NET05_wait_frame.csproj", "{8398E5B8-DA5A-41B4-8331-1F389BA3E25F}"
EndProject
Project("{FAE04EC0-301F-11D3-BF4B-00C04F79EFBC}") = "C.NET06_roi_mode", "C.NET06_roi_mode\C.NET06_roi_mode.csproj", "{5ACF9370-5368-4477-BF9D-14C82EF440C2}"
EndProject
Project("{FAE04EC0-301F-11D3-BF4B-00C04F79EFBC}") = "C.NET07_save_image", "C.NET07_save_image\C.NET07_save_image.csproj", "{FD065C54-6C62-472B-906D-7194D1B8391F}"
EndProject
Project("{FAE04EC0-301F-11D3-BF4B-00C04F79EFBC}") = "C.NET08_save_video", "C.NET08_save_video\C.NET08_save_video.csproj", "{E353669B-6972-4D1B-A8D8-7DDA5630B8EA}"
EndProject
Project("{FAE04EC0-301F-11D3-BF4B-00C04F79EFBC}") = "C.NET09_read_write_profiles", "C.NET09_read_write_profiles\C.NET09_read_write_profiles.csproj", "{9C5F8234-69EA-44F2-9D6C-909E2389790C}"
EndProject
Project("{FAE04EC0-301F-11D3-BF4B-00C04F79EFBC}") = "C.NET10_trigger_software", "C.NET10_trigger_software\C.NET10_trigger_software.csproj", "{4EA0B2A9-02C6-4464-9833-CC71EBE9AD6A}"
EndProject
Project("{FAE04EC0-301F-11D3-BF4B-00C04F79EFBC}") = "C.NET11_trigger_hardware", "C.NET11_trigger_hardware\C.NET11_trigger_hardware.csproj", "{287A2E0D-3A39-41F1-8E8C-247F63B15B2F}"
EndProject
Project("{FAE04EC0-301F-11D3-BF4B-00C04F79EFBC}") = "C.NET12_trigger_output", "C.NET12_trigger_output\C.NET12_trigger_output.csproj", "{50CFBB02-068D-4E74-B285-87F7091F2883}"
EndProject
Project("{FAE04EC0-301F-11D3-BF4B-00C04F79EFBC}") = "C.NET19_calllback", "C.NET19_calllback\C.NET19_calllback.csproj", "{AF6B8AD6-56B9-48F5-A939-1C778862E444}"
EndProject
Project("{FAE04EC0-301F-11D3-BF4B-00C04F79EFBC}") = "C.NET20_genicam_para_get", "C.NET20_genicam_para_get\C.NET20_genicam_para_get.csproj", "{E1ECFCA2-4489-40F7-9A16-2A0692E24516}"
EndProject
Project("{FAE04EC0-301F-11D3-BF4B-00C04F79EFBC}") = "C.NET21_genicam_para_set", "C.NET21_genicam_para_set\C.NET21_genicam_para_set.csproj", "{7A7E31C9-53C2-4227-A5D4-C63627519C5D}"
EndProject
Project("{FAE04EC0-301F-11D3-BF4B-00C04F79EFBC}") = "C.NET13_binning", "C.NET13_binning\C.NET13_binning.csproj", "{BCE21F46-354E-488E-81B3-A9FA3C445D71}"
EndProject
Project("{FAE04EC0-301F-11D3-BF4B-00C04F79EFBC}") = "C.NET14_histogram", "C.NET14_histogram\C.NET14_histogram.csproj", "{681CB97E-7287-4C95-9254-3C59E7CD0450}"
EndProject
Project("{FAE04EC0-301F-11D3-BF4B-00C04F79EFBC}") = "C.NET15_auto_level", "C.NET15_auto_level\C.NET15_auto_level.csproj", "{299C2B95-547C-4B56-9737-F82C2BEA9702}"
EndProject
Project("{FAE04EC0-301F-11D3-BF4B-00C04F79EFBC}") = "C.NET16_area_white_balance", "C.NET16_area_white_balance\C.NET16_area_white_balance.csproj", "{FEC56ABD-FE06-4617-A6B2-4998D93E694F}"
EndProject
Project("{FAE04EC0-301F-11D3-BF4B-00C04F79EFBC}") = "C.NET17_timestamp", "C.NET17_timestamp\C.NET17_timestamp.csproj", "{74C07F07-40D1-4C30-AB5B-1379E39A6D4E}"
EndProject
Project("{FAE04EC0-301F-11D3-BF4B-00C04F79EFBC}") = "C.NET18_gps_trigger", "C.NET18_gps_trigger\C.NET18_gps_trigger.csproj", "{DD90731F-1BDF-41DC-8B2E-3101A50F7E02}"
EndProject
Project("{FAE04EC0-301F-11D3-BF4B-00C04F79EFBC}") = "C.NET_HY_example", "C.NET_HY_example\C.NET_HY_example.csproj", "{E92F9D4D-776B-4B73-A7D3-9915F9AE8559}"
EndProject
Global
	GlobalSection(SolutionConfigurationPlatforms) = preSolution
		Debug|Any CPU = Debug|Any CPU
		Debug|Mixed Platforms = Debug|Mixed Platforms
		Debug|Win32 = Debug|Win32
		Debug|x64 = Debug|x64
		Release|Any CPU = Release|Any CPU
		Release|Mixed Platforms = Release|Mixed Platforms
		Release|Win32 = Release|Win32
		Release|x64 = Release|x64
	EndGlobalSection
	GlobalSection(ProjectConfigurationPlatforms) = postSolution
		{3E02EED7-31FB-4B2B-89F4-0240BD96F09C}.Debug|Any CPU.ActiveCfg = Debug|Any CPU
		{3E02EED7-31FB-4B2B-89F4-0240BD96F09C}.Debug|Any CPU.Build.0 = Debug|Any CPU
		{3E02EED7-31FB-4B2B-89F4-0240BD96F09C}.Debug|Mixed Platforms.ActiveCfg = Debug|Any CPU
		{3E02EED7-31FB-4B2B-89F4-0240BD96F09C}.Debug|Mixed Platforms.Build.0 = Debug|Any CPU
		{3E02EED7-31FB-4B2B-89F4-0240BD96F09C}.Debug|Win32.ActiveCfg = Debug|Any CPU
		{3E02EED7-31FB-4B2B-89F4-0240BD96F09C}.Debug|x64.ActiveCfg = Debug|x64
		{3E02EED7-31FB-4B2B-89F4-0240BD96F09C}.Debug|x64.Build.0 = Debug|x64
		{3E02EED7-31FB-4B2B-89F4-0240BD96F09C}.Release|Any CPU.ActiveCfg = Release|Any CPU
		{3E02EED7-31FB-4B2B-89F4-0240BD96F09C}.Release|Any CPU.Build.0 = Release|Any CPU
		{3E02EED7-31FB-4B2B-89F4-0240BD96F09C}.Release|Mixed Platforms.ActiveCfg = Release|Any CPU
		{3E02EED7-31FB-4B2B-89F4-0240BD96F09C}.Release|Mixed Platforms.Build.0 = Release|Any CPU
		{3E02EED7-31FB-4B2B-89F4-0240BD96F09C}.Release|Win32.ActiveCfg = Release|Any CPU
		{3E02EED7-31FB-4B2B-89F4-0240BD96F09C}.Release|x64.ActiveCfg = Release|x64
		{3E02EED7-31FB-4B2B-89F4-0240BD96F09C}.Release|x64.Build.0 = Release|x64
		{70ED79D2-C1D1-433B-B4BD-B47F861CC035}.Debug|Any CPU.ActiveCfg = Debug|Any CPU
		{70ED79D2-C1D1-433B-B4BD-B47F861CC035}.Debug|Any CPU.Build.0 = Debug|Any CPU
		{70ED79D2-C1D1-433B-B4BD-B47F861CC035}.Debug|Mixed Platforms.ActiveCfg = Debug|Any CPU
		{70ED79D2-C1D1-433B-B4BD-B47F861CC035}.Debug|Mixed Platforms.Build.0 = Debug|Any CPU
		{70ED79D2-C1D1-433B-B4BD-B47F861CC035}.Debug|Win32.ActiveCfg = Debug|Any CPU
		{70ED79D2-C1D1-433B-B4BD-B47F861CC035}.Debug|x64.ActiveCfg = Debug|x64
		{70ED79D2-C1D1-433B-B4BD-B47F861CC035}.Debug|x64.Build.0 = Debug|x64
		{70ED79D2-C1D1-433B-B4BD-B47F861CC035}.Release|Any CPU.ActiveCfg = Release|Any CPU
		{70ED79D2-C1D1-433B-B4BD-B47F861CC035}.Release|Any CPU.Build.0 = Release|Any CPU
		{70ED79D2-C1D1-433B-B4BD-B47F861CC035}.Release|Mixed Platforms.ActiveCfg = Release|Any CPU
		{70ED79D2-C1D1-433B-B4BD-B47F861CC035}.Release|Mixed Platforms.Build.0 = Release|Any CPU
		{70ED79D2-C1D1-433B-B4BD-B47F861CC035}.Release|Win32.ActiveCfg = Release|Any CPU
		{70ED79D2-C1D1-433B-B4BD-B47F861CC035}.Release|x64.ActiveCfg = Release|x64
		{70ED79D2-C1D1-433B-B4BD-B47F861CC035}.Release|x64.Build.0 = Release|x64
		{0C65CB19-F1F9-4E7E-9F49-37638276CF4C}.Debug|Any CPU.ActiveCfg = Debug|Any CPU
		{0C65CB19-F1F9-4E7E-9F49-37638276CF4C}.Debug|Any CPU.Build.0 = Debug|Any CPU
		{0C65CB19-F1F9-4E7E-9F49-37638276CF4C}.Debug|Mixed Platforms.ActiveCfg = Debug|Any CPU
		{0C65CB19-F1F9-4E7E-9F49-37638276CF4C}.Debug|Mixed Platforms.Build.0 = Debug|Any CPU
		{0C65CB19-F1F9-4E7E-9F49-37638276CF4C}.Debug|Win32.ActiveCfg = Debug|Any CPU
		{0C65CB19-F1F9-4E7E-9F49-37638276CF4C}.Debug|x64.ActiveCfg = Debug|x64
		{0C65CB19-F1F9-4E7E-9F49-37638276CF4C}.Debug|x64.Build.0 = Debug|x64
		{0C65CB19-F1F9-4E7E-9F49-37638276CF4C}.Release|Any CPU.ActiveCfg = Release|Any CPU
		{0C65CB19-F1F9-4E7E-9F49-37638276CF4C}.Release|Any CPU.Build.0 = Release|Any CPU
		{0C65CB19-F1F9-4E7E-9F49-37638276CF4C}.Release|Mixed Platforms.ActiveCfg = Release|Any CPU
		{0C65CB19-F1F9-4E7E-9F49-37638276CF4C}.Release|Mixed Platforms.Build.0 = Release|Any CPU
		{0C65CB19-F1F9-4E7E-9F49-37638276CF4C}.Release|Win32.ActiveCfg = Release|Any CPU
		{0C65CB19-F1F9-4E7E-9F49-37638276CF4C}.Release|x64.ActiveCfg = Release|x64
		{0C65CB19-F1F9-4E7E-9F49-37638276CF4C}.Release|x64.Build.0 = Release|x64
		{C84790CB-CEE1-4709-86BA-E3EE1B47CB86}.Debug|Any CPU.ActiveCfg = Debug|Any CPU
		{C84790CB-CEE1-4709-86BA-E3EE1B47CB86}.Debug|Any CPU.Build.0 = Debug|Any CPU
		{C84790CB-CEE1-4709-86BA-E3EE1B47CB86}.Debug|Mixed Platforms.ActiveCfg = Debug|Any CPU
		{C84790CB-CEE1-4709-86BA-E3EE1B47CB86}.Debug|Mixed Platforms.Build.0 = Debug|Any CPU
		{C84790CB-CEE1-4709-86BA-E3EE1B47CB86}.Debug|Win32.ActiveCfg = Debug|Any CPU
		{C84790CB-CEE1-4709-86BA-E3EE1B47CB86}.Debug|x64.ActiveCfg = Debug|x64
		{C84790CB-CEE1-4709-86BA-E3EE1B47CB86}.Debug|x64.Build.0 = Debug|x64
		{C84790CB-CEE1-4709-86BA-E3EE1B47CB86}.Release|Any CPU.ActiveCfg = Release|x64
		{C84790CB-CEE1-4709-86BA-E3EE1B47CB86}.Release|Any CPU.Build.0 = Release|x64
		{C84790CB-CEE1-4709-86BA-E3EE1B47CB86}.Release|Mixed Platforms.ActiveCfg = Release|Any CPU
		{C84790CB-CEE1-4709-86BA-E3EE1B47CB86}.Release|Mixed Platforms.Build.0 = Release|Any CPU
		{C84790CB-CEE1-4709-86BA-E3EE1B47CB86}.Release|Win32.ActiveCfg = Release|Any CPU
		{C84790CB-CEE1-4709-86BA-E3EE1B47CB86}.Release|x64.ActiveCfg = Release|x64
		{C84790CB-CEE1-4709-86BA-E3EE1B47CB86}.Release|x64.Build.0 = Release|x64
		{6637DF9C-05A8-467E-BB63-1193AEA82251}.Debug|Any CPU.ActiveCfg = Debug|Any CPU
		{6637DF9C-05A8-467E-BB63-1193AEA82251}.Debug|Any CPU.Build.0 = Debug|Any CPU
		{6637DF9C-05A8-467E-BB63-1193AEA82251}.Debug|Mixed Platforms.ActiveCfg = Debug|Any CPU
		{6637DF9C-05A8-467E-BB63-1193AEA82251}.Debug|Mixed Platforms.Build.0 = Debug|Any CPU
		{6637DF9C-05A8-467E-BB63-1193AEA82251}.Debug|Win32.ActiveCfg = Debug|Any CPU
		{6637DF9C-05A8-467E-BB63-1193AEA82251}.Debug|x64.ActiveCfg = Debug|x64
		{6637DF9C-05A8-467E-BB63-1193AEA82251}.Debug|x64.Build.0 = Debug|x64
		{6637DF9C-05A8-467E-BB63-1193AEA82251}.Release|Any CPU.ActiveCfg = Release|Any CPU
		{6637DF9C-05A8-467E-BB63-1193AEA82251}.Release|Any CPU.Build.0 = Release|Any CPU
		{6637DF9C-05A8-467E-BB63-1193AEA82251}.Release|Mixed Platforms.ActiveCfg = Release|Any CPU
		{6637DF9C-05A8-467E-BB63-1193AEA82251}.Release|Mixed Platforms.Build.0 = Release|Any CPU
		{6637DF9C-05A8-467E-BB63-1193AEA82251}.Release|Win32.ActiveCfg = Release|Any CPU
		{6637DF9C-05A8-467E-BB63-1193AEA82251}.Release|x64.ActiveCfg = Release|x64
		{6637DF9C-05A8-467E-BB63-1193AEA82251}.Release|x64.Build.0 = Release|x64
		{8398E5B8-DA5A-41B4-8331-1F389BA3E25F}.Debug|Any CPU.ActiveCfg = Debug|Any CPU
		{8398E5B8-DA5A-41B4-8331-1F389BA3E25F}.Debug|Any CPU.Build.0 = Debug|Any CPU
		{8398E5B8-DA5A-41B4-8331-1F389BA3E25F}.Debug|Mixed Platforms.ActiveCfg = Debug|Any CPU
		{8398E5B8-DA5A-41B4-8331-1F389BA3E25F}.Debug|Mixed Platforms.Build.0 = Debug|Any CPU
		{8398E5B8-DA5A-41B4-8331-1F389BA3E25F}.Debug|Win32.ActiveCfg = Debug|Any CPU
		{8398E5B8-DA5A-41B4-8331-1F389BA3E25F}.Debug|x64.ActiveCfg = Debug|x64
		{8398E5B8-DA5A-41B4-8331-1F389BA3E25F}.Debug|x64.Build.0 = Debug|x64
		{8398E5B8-DA5A-41B4-8331-1F389BA3E25F}.Release|Any CPU.ActiveCfg = Release|Any CPU
		{8398E5B8-DA5A-41B4-8331-1F389BA3E25F}.Release|Any CPU.Build.0 = Release|Any CPU
		{8398E5B8-DA5A-41B4-8331-1F389BA3E25F}.Release|Mixed Platforms.ActiveCfg = Release|Any CPU
		{8398E5B8-DA5A-41B4-8331-1F389BA3E25F}.Release|Mixed Platforms.Build.0 = Release|Any CPU
		{8398E5B8-DA5A-41B4-8331-1F389BA3E25F}.Release|Win32.ActiveCfg = Release|Any CPU
		{8398E5B8-DA5A-41B4-8331-1F389BA3E25F}.Release|x64.ActiveCfg = Release|x64
		{8398E5B8-DA5A-41B4-8331-1F389BA3E25F}.Release|x64.Build.0 = Release|x64
		{5ACF9370-5368-4477-BF9D-14C82EF440C2}.Debug|Any CPU.ActiveCfg = Debug|Any CPU
		{5ACF9370-5368-4477-BF9D-14C82EF440C2}.Debug|Any CPU.Build.0 = Debug|Any CPU
		{5ACF9370-5368-4477-BF9D-14C82EF440C2}.Debug|Mixed Platforms.ActiveCfg = Debug|Any CPU
		{5ACF9370-5368-4477-BF9D-14C82EF440C2}.Debug|Mixed Platforms.Build.0 = Debug|Any CPU
		{5ACF9370-5368-4477-BF9D-14C82EF440C2}.Debug|Win32.ActiveCfg = Debug|Any CPU
		{5ACF9370-5368-4477-BF9D-14C82EF440C2}.Debug|x64.ActiveCfg = Debug|x64
		{5ACF9370-5368-4477-BF9D-14C82EF440C2}.Debug|x64.Build.0 = Debug|x64
		{5ACF9370-5368-4477-BF9D-14C82EF440C2}.Release|Any CPU.ActiveCfg = Release|Any CPU
		{5ACF9370-5368-4477-BF9D-14C82EF440C2}.Release|Any CPU.Build.0 = Release|Any CPU
		{5ACF9370-5368-4477-BF9D-14C82EF440C2}.Release|Mixed Platforms.ActiveCfg = Release|Any CPU
		{5ACF9370-5368-4477-BF9D-14C82EF440C2}.Release|Mixed Platforms.Build.0 = Release|Any CPU
		{5ACF9370-5368-4477-BF9D-14C82EF440C2}.Release|Win32.ActiveCfg = Release|Any CPU
		{5ACF9370-5368-4477-BF9D-14C82EF440C2}.Release|x64.ActiveCfg = Release|x64
		{5ACF9370-5368-4477-BF9D-14C82EF440C2}.Release|x64.Build.0 = Release|x64
		{FD065C54-6C62-472B-906D-7194D1B8391F}.Debug|Any CPU.ActiveCfg = Debug|Any CPU
		{FD065C54-6C62-472B-906D-7194D1B8391F}.Debug|Any CPU.Build.0 = Debug|Any CPU
		{FD065C54-6C62-472B-906D-7194D1B8391F}.Debug|Mixed Platforms.ActiveCfg = Debug|Any CPU
		{FD065C54-6C62-472B-906D-7194D1B8391F}.Debug|Mixed Platforms.Build.0 = Debug|Any CPU
		{FD065C54-6C62-472B-906D-7194D1B8391F}.Debug|Win32.ActiveCfg = Debug|Any CPU
		{FD065C54-6C62-472B-906D-7194D1B8391F}.Debug|x64.ActiveCfg = Debug|x64
		{FD065C54-6C62-472B-906D-7194D1B8391F}.Debug|x64.Build.0 = Debug|x64
		{FD065C54-6C62-472B-906D-7194D1B8391F}.Release|Any CPU.ActiveCfg = Release|Any CPU
		{FD065C54-6C62-472B-906D-7194D1B8391F}.Release|Any CPU.Build.0 = Release|Any CPU
		{FD065C54-6C62-472B-906D-7194D1B8391F}.Release|Mixed Platforms.ActiveCfg = Release|Any CPU
		{FD065C54-6C62-472B-906D-7194D1B8391F}.Release|Mixed Platforms.Build.0 = Release|Any CPU
		{FD065C54-6C62-472B-906D-7194D1B8391F}.Release|Win32.ActiveCfg = Release|Any CPU
		{FD065C54-6C62-472B-906D-7194D1B8391F}.Release|x64.ActiveCfg = Release|x64
		{FD065C54-6C62-472B-906D-7194D1B8391F}.Release|x64.Build.0 = Release|x64
		{E353669B-6972-4D1B-A8D8-7DDA5630B8EA}.Debug|Any CPU.ActiveCfg = Debug|Any CPU
		{E353669B-6972-4D1B-A8D8-7DDA5630B8EA}.Debug|Any CPU.Build.0 = Debug|Any CPU
		{E353669B-6972-4D1B-A8D8-7DDA5630B8EA}.Debug|Mixed Platforms.ActiveCfg = Debug|Any CPU
		{E353669B-6972-4D1B-A8D8-7DDA5630B8EA}.Debug|Mixed Platforms.Build.0 = Debug|Any CPU
		{E353669B-6972-4D1B-A8D8-7DDA5630B8EA}.Debug|Win32.ActiveCfg = Debug|Any CPU
		{E353669B-6972-4D1B-A8D8-7DDA5630B8EA}.Debug|x64.ActiveCfg = Debug|x64
		{E353669B-6972-4D1B-A8D8-7DDA5630B8EA}.Debug|x64.Build.0 = Debug|x64
		{E353669B-6972-4D1B-A8D8-7DDA5630B8EA}.Release|Any CPU.ActiveCfg = Release|Any CPU
		{E353669B-6972-4D1B-A8D8-7DDA5630B8EA}.Release|Any CPU.Build.0 = Release|Any CPU
		{E353669B-6972-4D1B-A8D8-7DDA5630B8EA}.Release|Mixed Platforms.ActiveCfg = Release|Any CPU
		{E353669B-6972-4D1B-A8D8-7DDA5630B8EA}.Release|Mixed Platforms.Build.0 = Release|Any CPU
		{E353669B-6972-4D1B-A8D8-7DDA5630B8EA}.Release|Win32.ActiveCfg = Release|Any CPU
		{E353669B-6972-4D1B-A8D8-7DDA5630B8EA}.Release|x64.ActiveCfg = Release|x64
		{E353669B-6972-4D1B-A8D8-7DDA5630B8EA}.Release|x64.Build.0 = Release|x64
		{9C5F8234-69EA-44F2-9D6C-909E2389790C}.Debug|Any CPU.ActiveCfg = Debug|Any CPU
		{9C5F8234-69EA-44F2-9D6C-909E2389790C}.Debug|Any CPU.Build.0 = Debug|Any CPU
		{9C5F8234-69EA-44F2-9D6C-909E2389790C}.Debug|Mixed Platforms.ActiveCfg = Debug|Any CPU
		{9C5F8234-69EA-44F2-9D6C-909E2389790C}.Debug|Mixed Platforms.Build.0 = Debug|Any CPU
		{9C5F8234-69EA-44F2-9D6C-909E2389790C}.Debug|Win32.ActiveCfg = Debug|Any CPU
		{9C5F8234-69EA-44F2-9D6C-909E2389790C}.Debug|x64.ActiveCfg = Debug|x64
		{9C5F8234-69EA-44F2-9D6C-909E2389790C}.Debug|x64.Build.0 = Debug|x64
		{9C5F8234-69EA-44F2-9D6C-909E2389790C}.Release|Any CPU.ActiveCfg = Release|Any CPU
		{9C5F8234-69EA-44F2-9D6C-909E2389790C}.Release|Any CPU.Build.0 = Release|Any CPU
		{9C5F8234-69EA-44F2-9D6C-909E2389790C}.Release|Mixed Platforms.ActiveCfg = Release|Any CPU
		{9C5F8234-69EA-44F2-9D6C-909E2389790C}.Release|Mixed Platforms.Build.0 = Release|Any CPU
		{9C5F8234-69EA-44F2-9D6C-909E2389790C}.Release|Win32.ActiveCfg = Release|Any CPU
		{9C5F8234-69EA-44F2-9D6C-909E2389790C}.Release|x64.ActiveCfg = Release|x64
		{9C5F8234-69EA-44F2-9D6C-909E2389790C}.Release|x64.Build.0 = Release|x64
		{4EA0B2A9-02C6-4464-9833-CC71EBE9AD6A}.Debug|Any CPU.ActiveCfg = Debug|Any CPU
		{4EA0B2A9-02C6-4464-9833-CC71EBE9AD6A}.Debug|Any CPU.Build.0 = Debug|Any CPU
		{4EA0B2A9-02C6-4464-9833-CC71EBE9AD6A}.Debug|Mixed Platforms.ActiveCfg = Debug|Any CPU
		{4EA0B2A9-02C6-4464-9833-CC71EBE9AD6A}.Debug|Mixed Platforms.Build.0 = Debug|Any CPU
		{4EA0B2A9-02C6-4464-9833-CC71EBE9AD6A}.Debug|Win32.ActiveCfg = Debug|Any CPU
		{4EA0B2A9-02C6-4464-9833-CC71EBE9AD6A}.Debug|x64.ActiveCfg = Debug|x64
		{4EA0B2A9-02C6-4464-9833-CC71EBE9AD6A}.Debug|x64.Build.0 = Debug|x64
		{4EA0B2A9-02C6-4464-9833-CC71EBE9AD6A}.Release|Any CPU.ActiveCfg = Release|Any CPU
		{4EA0B2A9-02C6-4464-9833-CC71EBE9AD6A}.Release|Any CPU.Build.0 = Release|Any CPU
		{4EA0B2A9-02C6-4464-9833-CC71EBE9AD6A}.Release|Mixed Platforms.ActiveCfg = Release|Any CPU
		{4EA0B2A9-02C6-4464-9833-CC71EBE9AD6A}.Release|Mixed Platforms.Build.0 = Release|Any CPU
		{4EA0B2A9-02C6-4464-9833-CC71EBE9AD6A}.Release|Win32.ActiveCfg = Release|Any CPU
		{4EA0B2A9-02C6-4464-9833-CC71EBE9AD6A}.Release|x64.ActiveCfg = Release|x64
		{4EA0B2A9-02C6-4464-9833-CC71EBE9AD6A}.Release|x64.Build.0 = Release|x64
		{287A2E0D-3A39-41F1-8E8C-247F63B15B2F}.Debug|Any CPU.ActiveCfg = Debug|Any CPU
		{287A2E0D-3A39-41F1-8E8C-247F63B15B2F}.Debug|Any CPU.Build.0 = Debug|Any CPU
		{287A2E0D-3A39-41F1-8E8C-247F63B15B2F}.Debug|Mixed Platforms.ActiveCfg = Debug|Any CPU
		{287A2E0D-3A39-41F1-8E8C-247F63B15B2F}.Debug|Mixed Platforms.Build.0 = Debug|Any CPU
		{287A2E0D-3A39-41F1-8E8C-247F63B15B2F}.Debug|Win32.ActiveCfg = Debug|Any CPU
		{287A2E0D-3A39-41F1-8E8C-247F63B15B2F}.Debug|x64.ActiveCfg = Debug|x64
		{287A2E0D-3A39-41F1-8E8C-247F63B15B2F}.Debug|x64.Build.0 = Debug|x64
		{287A2E0D-3A39-41F1-8E8C-247F63B15B2F}.Release|Any CPU.ActiveCfg = Release|Any CPU
		{287A2E0D-3A39-41F1-8E8C-247F63B15B2F}.Release|Any CPU.Build.0 = Release|Any CPU
		{287A2E0D-3A39-41F1-8E8C-247F63B15B2F}.Release|Mixed Platforms.ActiveCfg = Release|Any CPU
		{287A2E0D-3A39-41F1-8E8C-247F63B15B2F}.Release|Mixed Platforms.Build.0 = Release|Any CPU
		{287A2E0D-3A39-41F1-8E8C-247F63B15B2F}.Release|Win32.ActiveCfg = Release|Any CPU
		{287A2E0D-3A39-41F1-8E8C-247F63B15B2F}.Release|x64.ActiveCfg = Release|x64
		{287A2E0D-3A39-41F1-8E8C-247F63B15B2F}.Release|x64.Build.0 = Release|x64
		{50CFBB02-068D-4E74-B285-87F7091F2883}.Debug|Any CPU.ActiveCfg = Debug|Any CPU
		{50CFBB02-068D-4E74-B285-87F7091F2883}.Debug|Any CPU.Build.0 = Debug|Any CPU
		{50CFBB02-068D-4E74-B285-87F7091F2883}.Debug|Mixed Platforms.ActiveCfg = Debug|Any CPU
		{50CFBB02-068D-4E74-B285-87F7091F2883}.Debug|Mixed Platforms.Build.0 = Debug|Any CPU
		{50CFBB02-068D-4E74-B285-87F7091F2883}.Debug|Win32.ActiveCfg = Debug|Any CPU
		{50CFBB02-068D-4E74-B285-87F7091F2883}.Debug|x64.ActiveCfg = Debug|x64
		{50CFBB02-068D-4E74-B285-87F7091F2883}.Debug|x64.Build.0 = Debug|x64
		{50CFBB02-068D-4E74-B285-87F7091F2883}.Release|Any CPU.ActiveCfg = Release|Any CPU
		{50CFBB02-068D-4E74-B285-87F7091F2883}.Release|Any CPU.Build.0 = Release|Any CPU
		{50CFBB02-068D-4E74-B285-87F7091F2883}.Release|Mixed Platforms.ActiveCfg = Release|Any CPU
		{50CFBB02-068D-4E74-B285-87F7091F2883}.Release|Mixed Platforms.Build.0 = Release|Any CPU
		{50CFBB02-068D-4E74-B285-87F7091F2883}.Release|Win32.ActiveCfg = Release|Any CPU
		{50CFBB02-068D-4E74-B285-87F7091F2883}.Release|x64.ActiveCfg = Release|x64
		{50CFBB02-068D-4E74-B285-87F7091F2883}.Release|x64.Build.0 = Release|x64
		{AF6B8AD6-56B9-48F5-A939-1C778862E444}.Debug|Any CPU.ActiveCfg = Debug|Any CPU
		{AF6B8AD6-56B9-48F5-A939-1C778862E444}.Debug|Any CPU.Build.0 = Debug|Any CPU
		{AF6B8AD6-56B9-48F5-A939-1C778862E444}.Debug|Mixed Platforms.ActiveCfg = Debug|Any CPU
		{AF6B8AD6-56B9-48F5-A939-1C778862E444}.Debug|Mixed Platforms.Build.0 = Debug|Any CPU
		{AF6B8AD6-56B9-48F5-A939-1C778862E444}.Debug|Win32.ActiveCfg = Debug|Any CPU
		{AF6B8AD6-56B9-48F5-A939-1C778862E444}.Debug|x64.ActiveCfg = Debug|Any CPU
		{AF6B8AD6-56B9-48F5-A939-1C778862E444}.Release|Any CPU.ActiveCfg = Release|Any CPU
		{AF6B8AD6-56B9-48F5-A939-1C778862E444}.Release|Any CPU.Build.0 = Release|Any CPU
		{AF6B8AD6-56B9-48F5-A939-1C778862E444}.Release|Mixed Platforms.ActiveCfg = Release|Any CPU
		{AF6B8AD6-56B9-48F5-A939-1C778862E444}.Release|Mixed Platforms.Build.0 = Release|Any CPU
		{AF6B8AD6-56B9-48F5-A939-1C778862E444}.Release|Win32.ActiveCfg = Release|Any CPU
		{AF6B8AD6-56B9-48F5-A939-1C778862E444}.Release|x64.ActiveCfg = Release|x64
		{AF6B8AD6-56B9-48F5-A939-1C778862E444}.Release|x64.Build.0 = Release|x64
		{E1ECFCA2-4489-40F7-9A16-2A0692E24516}.Debug|Any CPU.ActiveCfg = Debug|Any CPU
		{E1ECFCA2-4489-40F7-9A16-2A0692E24516}.Debug|Any CPU.Build.0 = Debug|Any CPU
		{E1ECFCA2-4489-40F7-9A16-2A0692E24516}.Debug|Mixed Platforms.ActiveCfg = Debug|Any CPU
		{E1ECFCA2-4489-40F7-9A16-2A0692E24516}.Debug|Mixed Platforms.Build.0 = Debug|Any CPU
		{E1ECFCA2-4489-40F7-9A16-2A0692E24516}.Debug|Win32.ActiveCfg = Debug|Any CPU
		{E1ECFCA2-4489-40F7-9A16-2A0692E24516}.Debug|x64.ActiveCfg = Debug|Any CPU
		{E1ECFCA2-4489-40F7-9A16-2A0692E24516}.Release|Any CPU.ActiveCfg = Release|Any CPU
		{E1ECFCA2-4489-40F7-9A16-2A0692E24516}.Release|Any CPU.Build.0 = Release|Any CPU
		{E1ECFCA2-4489-40F7-9A16-2A0692E24516}.Release|Mixed Platforms.ActiveCfg = Release|Any CPU
		{E1ECFCA2-4489-40F7-9A16-2A0692E24516}.Release|Mixed Platforms.Build.0 = Release|Any CPU
		{E1ECFCA2-4489-40F7-9A16-2A0692E24516}.Release|Win32.ActiveCfg = Release|Any CPU
		{E1ECFCA2-4489-40F7-9A16-2A0692E24516}.Release|x64.ActiveCfg = Release|x64
		{E1ECFCA2-4489-40F7-9A16-2A0692E24516}.Release|x64.Build.0 = Release|x64
		{7A7E31C9-53C2-4227-A5D4-C63627519C5D}.Debug|Any CPU.ActiveCfg = Debug|Any CPU
		{7A7E31C9-53C2-4227-A5D4-C63627519C5D}.Debug|Any CPU.Build.0 = Debug|Any CPU
		{7A7E31C9-53C2-4227-A5D4-C63627519C5D}.Debug|Mixed Platforms.ActiveCfg = Debug|Any CPU
		{7A7E31C9-53C2-4227-A5D4-C63627519C5D}.Debug|Mixed Platforms.Build.0 = Debug|Any CPU
		{7A7E31C9-53C2-4227-A5D4-C63627519C5D}.Debug|Win32.ActiveCfg = Debug|Any CPU
		{7A7E31C9-53C2-4227-A5D4-C63627519C5D}.Debug|x64.ActiveCfg = Debug|Any CPU
		{7A7E31C9-53C2-4227-A5D4-C63627519C5D}.Release|Any CPU.ActiveCfg = Release|Any CPU
		{7A7E31C9-53C2-4227-A5D4-C63627519C5D}.Release|Any CPU.Build.0 = Release|Any CPU
		{7A7E31C9-53C2-4227-A5D4-C63627519C5D}.Release|Mixed Platforms.ActiveCfg = Release|Any CPU
		{7A7E31C9-53C2-4227-A5D4-C63627519C5D}.Release|Mixed Platforms.Build.0 = Release|Any CPU
		{7A7E31C9-53C2-4227-A5D4-C63627519C5D}.Release|Win32.ActiveCfg = Release|Any CPU
		{7A7E31C9-53C2-4227-A5D4-C63627519C5D}.Release|x64.ActiveCfg = Release|x64
		{7A7E31C9-53C2-4227-A5D4-C63627519C5D}.Release|x64.Build.0 = Release|x64
		{BCE21F46-354E-488E-81B3-A9FA3C445D71}.Debug|Any CPU.ActiveCfg = Debug|Any CPU
		{BCE21F46-354E-488E-81B3-A9FA3C445D71}.Debug|Any CPU.Build.0 = Debug|Any CPU
		{BCE21F46-354E-488E-81B3-A9FA3C445D71}.Debug|Mixed Platforms.ActiveCfg = Debug|Any CPU
		{BCE21F46-354E-488E-81B3-A9FA3C445D71}.Debug|Mixed Platforms.Build.0 = Debug|Any CPU
		{BCE21F46-354E-488E-81B3-A9FA3C445D71}.Debug|Win32.ActiveCfg = Debug|Any CPU
		{BCE21F46-354E-488E-81B3-A9FA3C445D71}.Debug|x64.ActiveCfg = Debug|Any CPU
		{BCE21F46-354E-488E-81B3-A9FA3C445D71}.Release|Any CPU.ActiveCfg = Release|Any CPU
		{BCE21F46-354E-488E-81B3-A9FA3C445D71}.Release|Any CPU.Build.0 = Release|Any CPU
		{BCE21F46-354E-488E-81B3-A9FA3C445D71}.Release|Mixed Platforms.ActiveCfg = Release|Any CPU
		{BCE21F46-354E-488E-81B3-A9FA3C445D71}.Release|Mixed Platforms.Build.0 = Release|Any CPU
		{BCE21F46-354E-488E-81B3-A9FA3C445D71}.Release|Win32.ActiveCfg = Release|Any CPU
		{BCE21F46-354E-488E-81B3-A9FA3C445D71}.Release|x64.ActiveCfg = Release|x64
		{BCE21F46-354E-488E-81B3-A9FA3C445D71}.Release|x64.Build.0 = Release|x64
		{681CB97E-7287-4C95-9254-3C59E7CD0450}.Debug|Any CPU.ActiveCfg = Debug|Any CPU
		{681CB97E-7287-4C95-9254-3C59E7CD0450}.Debug|Any CPU.Build.0 = Debug|Any CPU
		{681CB97E-7287-4C95-9254-3C59E7CD0450}.Debug|Mixed Platforms.ActiveCfg = Debug|Any CPU
		{681CB97E-7287-4C95-9254-3C59E7CD0450}.Debug|Mixed Platforms.Build.0 = Debug|Any CPU
		{681CB97E-7287-4C95-9254-3C59E7CD0450}.Debug|Win32.ActiveCfg = Debug|Any CPU
		{681CB97E-7287-4C95-9254-3C59E7CD0450}.Debug|x64.ActiveCfg = Debug|Any CPU
		{681CB97E-7287-4C95-9254-3C59E7CD0450}.Release|Any CPU.ActiveCfg = Release|Any CPU
		{681CB97E-7287-4C95-9254-3C59E7CD0450}.Release|Any CPU.Build.0 = Release|Any CPU
		{681CB97E-7287-4C95-9254-3C59E7CD0450}.Release|Mixed Platforms.ActiveCfg = Release|Any CPU
		{681CB97E-7287-4C95-9254-3C59E7CD0450}.Release|Mixed Platforms.Build.0 = Release|Any CPU
		{681CB97E-7287-4C95-9254-3C59E7CD0450}.Release|Win32.ActiveCfg = Release|Any CPU
		{681CB97E-7287-4C95-9254-3C59E7CD0450}.Release|x64.ActiveCfg = Release|x64
		{681CB97E-7287-4C95-9254-3C59E7CD0450}.Release|x64.Build.0 = Release|x64
		{299C2B95-547C-4B56-9737-F82C2BEA9702}.Debug|Any CPU.ActiveCfg = Debug|Any CPU
		{299C2B95-547C-4B56-9737-F82C2BEA9702}.Debug|Any CPU.Build.0 = Debug|Any CPU
		{299C2B95-547C-4B56-9737-F82C2BEA9702}.Debug|Mixed Platforms.ActiveCfg = Debug|Any CPU
		{299C2B95-547C-4B56-9737-F82C2BEA9702}.Debug|Mixed Platforms.Build.0 = Debug|Any CPU
		{299C2B95-547C-4B56-9737-F82C2BEA9702}.Debug|Win32.ActiveCfg = Debug|Any CPU
		{299C2B95-547C-4B56-9737-F82C2BEA9702}.Debug|x64.ActiveCfg = Debug|Any CPU
		{299C2B95-547C-4B56-9737-F82C2BEA9702}.Release|Any CPU.ActiveCfg = Release|Any CPU
		{299C2B95-547C-4B56-9737-F82C2BEA9702}.Release|Any CPU.Build.0 = Release|Any CPU
		{299C2B95-547C-4B56-9737-F82C2BEA9702}.Release|Mixed Platforms.ActiveCfg = Release|Any CPU
		{299C2B95-547C-4B56-9737-F82C2BEA9702}.Release|Mixed Platforms.Build.0 = Release|Any CPU
		{299C2B95-547C-4B56-9737-F82C2BEA9702}.Release|Win32.ActiveCfg = Release|Any CPU
		{299C2B95-547C-4B56-9737-F82C2BEA9702}.Release|x64.ActiveCfg = Release|x64
		{299C2B95-547C-4B56-9737-F82C2BEA9702}.Release|x64.Build.0 = Release|x64
		{FEC56ABD-FE06-4617-A6B2-4998D93E694F}.Debug|Any CPU.ActiveCfg = Debug|Any CPU
		{FEC56ABD-FE06-4617-A6B2-4998D93E694F}.Debug|Any CPU.Build.0 = Debug|Any CPU
		{FEC56ABD-FE06-4617-A6B2-4998D93E694F}.Debug|Mixed Platforms.ActiveCfg = Debug|Any CPU
		{FEC56ABD-FE06-4617-A6B2-4998D93E694F}.Debug|Mixed Platforms.Build.0 = Debug|Any CPU
		{FEC56ABD-FE06-4617-A6B2-4998D93E694F}.Debug|Win32.ActiveCfg = Debug|Any CPU
		{FEC56ABD-FE06-4617-A6B2-4998D93E694F}.Debug|x64.ActiveCfg = Debug|Any CPU
		{FEC56ABD-FE06-4617-A6B2-4998D93E694F}.Release|Any CPU.ActiveCfg = Release|Any CPU
		{FEC56ABD-FE06-4617-A6B2-4998D93E694F}.Release|Any CPU.Build.0 = Release|Any CPU
		{FEC56ABD-FE06-4617-A6B2-4998D93E694F}.Release|Mixed Platforms.ActiveCfg = Release|Any CPU
		{FEC56ABD-FE06-4617-A6B2-4998D93E694F}.Release|Mixed Platforms.Build.0 = Release|Any CPU
		{FEC56ABD-FE06-4617-A6B2-4998D93E694F}.Release|Win32.ActiveCfg = Release|Any CPU
		{FEC56ABD-FE06-4617-A6B2-4998D93E694F}.Release|x64.ActiveCfg = Release|x64
		{FEC56ABD-FE06-4617-A6B2-4998D93E694F}.Release|x64.Build.0 = Release|x64
		{74C07F07-40D1-4C30-AB5B-1379E39A6D4E}.Debug|Any CPU.ActiveCfg = Debug|Any CPU
		{74C07F07-40D1-4C30-AB5B-1379E39A6D4E}.Debug|Any CPU.Build.0 = Debug|Any CPU
		{74C07F07-40D1-4C30-AB5B-1379E39A6D4E}.Debug|Mixed Platforms.ActiveCfg = Debug|Any CPU
		{74C07F07-40D1-4C30-AB5B-1379E39A6D4E}.Debug|Mixed Platforms.Build.0 = Debug|Any CPU
		{74C07F07-40D1-4C30-AB5B-1379E39A6D4E}.Debug|Win32.ActiveCfg = Debug|Any CPU
		{74C07F07-40D1-4C30-AB5B-1379E39A6D4E}.Debug|x64.ActiveCfg = Debug|Any CPU
		{74C07F07-40D1-4C30-AB5B-1379E39A6D4E}.Release|Any CPU.ActiveCfg = Release|Any CPU
		{74C07F07-40D1-4C30-AB5B-1379E39A6D4E}.Release|Any CPU.Build.0 = Release|Any CPU
		{74C07F07-40D1-4C30-AB5B-1379E39A6D4E}.Release|Mixed Platforms.ActiveCfg = Release|Any CPU
		{74C07F07-40D1-4C30-AB5B-1379E39A6D4E}.Release|Mixed Platforms.Build.0 = Release|Any CPU
		{74C07F07-40D1-4C30-AB5B-1379E39A6D4E}.Release|Win32.ActiveCfg = Release|Any CPU
		{74C07F07-40D1-4C30-AB5B-1379E39A6D4E}.Release|x64.ActiveCfg = Release|x64
		{74C07F07-40D1-4C30-AB5B-1379E39A6D4E}.Release|x64.Build.0 = Release|x64
		{DD90731F-1BDF-41DC-8B2E-3101A50F7E02}.Debug|Any CPU.ActiveCfg = Debug|Any CPU
		{DD90731F-1BDF-41DC-8B2E-3101A50F7E02}.Debug|Any CPU.Build.0 = Debug|Any CPU
		{DD90731F-1BDF-41DC-8B2E-3101A50F7E02}.Debug|Mixed Platforms.ActiveCfg = Debug|Any CPU
		{DD90731F-1BDF-41DC-8B2E-3101A50F7E02}.Debug|Mixed Platforms.Build.0 = Debug|Any CPU
		{DD90731F-1BDF-41DC-8B2E-3101A50F7E02}.Debug|Win32.ActiveCfg = Debug|Any CPU
		{DD90731F-1BDF-41DC-8B2E-3101A50F7E02}.Debug|x64.ActiveCfg = Debug|Any CPU
		{DD90731F-1BDF-41DC-8B2E-3101A50F7E02}.Release|Any CPU.ActiveCfg = Release|Any CPU
		{DD90731F-1BDF-41DC-8B2E-3101A50F7E02}.Release|Any CPU.Build.0 = Release|Any CPU
		{DD90731F-1BDF-41DC-8B2E-3101A50F7E02}.Release|Mixed Platforms.ActiveCfg = Release|Any CPU
		{DD90731F-1BDF-41DC-8B2E-3101A50F7E02}.Release|Mixed Platforms.Build.0 = Release|Any CPU
		{DD90731F-1BDF-41DC-8B2E-3101A50F7E02}.Release|Win32.ActiveCfg = Release|Any CPU
		{DD90731F-1BDF-41DC-8B2E-3101A50F7E02}.Release|x64.ActiveCfg = Release|x64
		{DD90731F-1BDF-41DC-8B2E-3101A50F7E02}.Release|x64.Build.0 = Release|x64
		{E92F9D4D-776B-4B73-A7D3-9915F9AE8559}.Debug|Any CPU.ActiveCfg = Debug|Any CPU
		{E92F9D4D-776B-4B73-A7D3-9915F9AE8559}.Debug|Any CPU.Build.0 = Debug|Any CPU
		{E92F9D4D-776B-4B73-A7D3-9915F9AE8559}.Debug|Mixed Platforms.ActiveCfg = Debug|Any CPU
		{E92F9D4D-776B-4B73-A7D3-9915F9AE8559}.Debug|Mixed Platforms.Build.0 = Debug|Any CPU
		{E92F9D4D-776B-4B73-A7D3-9915F9AE8559}.Debug|Win32.ActiveCfg = Debug|Any CPU
		{E92F9D4D-776B-4B73-A7D3-9915F9AE8559}.Debug|Win32.Build.0 = Debug|Any CPU
		{E92F9D4D-776B-4B73-A7D3-9915F9AE8559}.Debug|x64.ActiveCfg = Debug|Any CPU
		{E92F9D4D-776B-4B73-A7D3-9915F9AE8559}.Debug|x64.Build.0 = Debug|Any CPU
		{E92F9D4D-776B-4B73-A7D3-9915F9AE8559}.Release|Any CPU.ActiveCfg = Release|Any CPU
		{E92F9D4D-776B-4B73-A7D3-9915F9AE8559}.Release|Any CPU.Build.0 = Release|Any CPU
		{E92F9D4D-776B-4B73-A7D3-9915F9AE8559}.Release|Mixed Platforms.ActiveCfg = Release|Any CPU
		{E92F9D4D-776B-4B73-A7D3-9915F9AE8559}.Release|Mixed Platforms.Build.0 = Release|Any CPU
		{E92F9D4D-776B-4B73-A7D3-9915F9AE8559}.Release|Win32.ActiveCfg = Release|Any CPU
		{E92F9D4D-776B-4B73-A7D3-9915F9AE8559}.Release|Win32.Build.0 = Release|Any CPU
		{E92F9D4D-776B-4B73-A7D3-9915F9AE8559}.Release|x64.ActiveCfg = Release|Any CPU
		{E92F9D4D-776B-4B73-A7D3-9915F9AE8559}.Release|x64.Build.0 = Release|Any CPU
	EndGlobalSection
	GlobalSection(SolutionProperties) = preSolution
		HideSolutionNode = FALSE
	EndGlobalSection
EndGlobal
